// !$*UTF8*$!
{
	archiveVersion = 1;
	classes = {
	};
	objectVersion = 55;
	objects = {

/* Begin PBXBuildFile section */
		495ADB1424FEEDC812112065 /* Pods_StatsScannerTests.framework in Frameworks */ = {isa = PBXBuildFile; fileRef = 3F136E0EAFBDDC597822A53A /* Pods_StatsScannerTests.framework */; };
		4D2F167E279694300096F9DA /* GraphDirectorViewController.swift in Sources */ = {isa = PBXBuildFile; fileRef = 4D2F167D279694300096F9DA /* GraphDirectorViewController.swift */; };
		4D2F1687279AACF70096F9DA /* DataSetProject+CoreDataClass.swift in Sources */ = {isa = PBXBuildFile; fileRef = 4D2F1685279AACF70096F9DA /* DataSetProject+CoreDataClass.swift */; };
		4D2F1688279AACF70096F9DA /* DataSetProject+CoreDataProperties.swift in Sources */ = {isa = PBXBuildFile; fileRef = 4D2F1686279AACF70096F9DA /* DataSetProject+CoreDataProperties.swift */; };
		4D2F168A279AAEDE0096F9DA /* CoreDataManager.swift in Sources */ = {isa = PBXBuildFile; fileRef = 4D2F1689279AAEDE0096F9DA /* CoreDataManager.swift */; };
		4D2F168D279BE15B0096F9DA /* DatasetTester.swift in Sources */ = {isa = PBXBuildFile; fileRef = 4D2F168C279BE1580096F9DA /* DatasetTester.swift */; };
		4D2F168F279BE9C70096F9DA /* Awards_R.csv in Resources */ = {isa = PBXBuildFile; fileRef = 4D2F168E279BE9C60096F9DA /* Awards_R.csv */; };
		4D2F1691279C8F940096F9DA /* NSObjectTransformer.swift in Sources */ = {isa = PBXBuildFile; fileRef = 4D2F1690279C8F940096F9DA /* NSObjectTransformer.swift */; };
		4DE04DF92850357300C5D5BC /* DataPointViewController.swift in Sources */ = {isa = PBXBuildFile; fileRef = 4DE04DF82850357300C5D5BC /* DataPointViewController.swift */; };
		4DE04DFB2852DEB600C5D5BC /* DatasetBuilder.swift in Sources */ = {isa = PBXBuildFile; fileRef = 4DE04DFA2852DEB500C5D5BC /* DatasetBuilder.swift */; };
		4DE04DFD28551E7900C5D5BC /* CloudKit.framework in Frameworks */ = {isa = PBXBuildFile; fileRef = 4DE04DFC28551E7900C5D5BC /* CloudKit.framework */; };
		A8088979277EEF8500B8C2FE /* HomeTile.swift in Sources */ = {isa = PBXBuildFile; fileRef = A8088978277EEF8500B8C2FE /* HomeTile.swift */; };
		A808897B277EF0B100B8C2FE /* HomeTileList.swift in Sources */ = {isa = PBXBuildFile; fileRef = A808897A277EF0B100B8C2FE /* HomeTileList.swift */; };
		A8088980277EF1C600B8C2FE /* HomeViewController.swift in Sources */ = {isa = PBXBuildFile; fileRef = A808897F277EF1C600B8C2FE /* HomeViewController.swift */; };
		A8088981277EF9DE00B8C2FE /* Pods_StatsScanner.framework in Frameworks */ = {isa = PBXBuildFile; fileRef = 2679B530C4B5896811AF345F /* Pods_StatsScanner.framework */; };
		A8088984277EFA2C00B8C2FE /* CoreData.framework in Frameworks */ = {isa = PBXBuildFile; fileRef = A8BD6DEC27794A810048912C /* CoreData.framework */; };
		A83F4908277F9A1300C8FB35 /* StatsViewController.swift in Sources */ = {isa = PBXBuildFile; fileRef = A83F4907277F9A1300C8FB35 /* StatsViewController.swift */; };
		A85092BA27497F6F00392240 /* AppDelegate.swift in Sources */ = {isa = PBXBuildFile; fileRef = A85092B927497F6F00392240 /* AppDelegate.swift */; };
		A85092BC27497F6F00392240 /* SceneDelegate.swift in Sources */ = {isa = PBXBuildFile; fileRef = A85092BB27497F6F00392240 /* SceneDelegate.swift */; };
		A85092BE27497F6F00392240 /* CameraOCRThing.swift in Sources */ = {isa = PBXBuildFile; fileRef = A85092BD27497F6F00392240 /* CameraOCRThing.swift */; };
		A85092C127497F6F00392240 /* Main.storyboard in Resources */ = {isa = PBXBuildFile; fileRef = A85092BF27497F6F00392240 /* Main.storyboard */; };
		A85092C427497F7000392240 /* StatsScanner.xcdatamodeld in Sources */ = {isa = PBXBuildFile; fileRef = A85092C227497F7000392240 /* StatsScanner.xcdatamodeld */; };
		A85092C627497F7A00392240 /* Assets.xcassets in Resources */ = {isa = PBXBuildFile; fileRef = A85092C527497F7A00392240 /* Assets.xcassets */; };
		A85092C927497F7A00392240 /* LaunchScreen.storyboard in Resources */ = {isa = PBXBuildFile; fileRef = A85092C727497F7A00392240 /* LaunchScreen.storyboard */; };
		A85092D427497F7A00392240 /* StatsScannerTests.swift in Sources */ = {isa = PBXBuildFile; fileRef = A85092D327497F7A00392240 /* StatsScannerTests.swift */; };
		A8BD6DF72779AE030048912C /* DataBridge.swift in Sources */ = {isa = PBXBuildFile; fileRef = A8BD6DF62779AE030048912C /* DataBridge.swift */; };
		A8CA563227716205006BDF61 /* Dataset.swift in Sources */ = {isa = PBXBuildFile; fileRef = A8CA563127716205006BDF61 /* Dataset.swift */; };
		A8CA56372772987F006BDF61 /* Birthweight_reduced_kg_R.csv in Resources */ = {isa = PBXBuildFile; fileRef = A8CA56362772987F006BDF61 /* Birthweight_reduced_kg_R.csv */; };
		A8CA56392772989D006BDF61 /* Cholesterol_R.csv in Resources */ = {isa = PBXBuildFile; fileRef = A8CA56382772989D006BDF61 /* Cholesterol_R.csv */; };
		A8CA563B277298AD006BDF61 /* Crime_R.csv in Resources */ = {isa = PBXBuildFile; fileRef = A8CA563A277298AD006BDF61 /* Crime_R.csv */; };
		A8CA563D277298B9006BDF61 /* Diet_R.csv in Resources */ = {isa = PBXBuildFile; fileRef = A8CA563C277298B9006BDF61 /* Diet_R.csv */; };
		A8CA563F277298C7006BDF61 /* Graduate_R.csv in Resources */ = {isa = PBXBuildFile; fileRef = A8CA563E277298C7006BDF61 /* Graduate_R.csv */; };
		A8CA564127729909006BDF61 /* Ice_cream_R.csv in Resources */ = {isa = PBXBuildFile; fileRef = A8CA564027729909006BDF61 /* Ice_cream_R.csv */; };
		A8CA56432772990F006BDF61 /* Normal_R.csv in Resources */ = {isa = PBXBuildFile; fileRef = A8CA56422772990F006BDF61 /* Normal_R.csv */; };
		A8CA564527729918006BDF61 /* Smoker_R.csv in Resources */ = {isa = PBXBuildFile; fileRef = A8CA564427729918006BDF61 /* Smoker_R.csv */; };
		A8CA56472772991E006BDF61 /* Titanic_R.csv in Resources */ = {isa = PBXBuildFile; fileRef = A8CA56462772991E006BDF61 /* Titanic_R.csv */; };
		A8CA564927729924006BDF61 /* Video_R.csv in Resources */ = {isa = PBXBuildFile; fileRef = A8CA564827729924006BDF61 /* Video_R.csv */; };
/* End PBXBuildFile section */

/* Begin PBXContainerItemProxy section */
		A85092D027497F7A00392240 /* PBXContainerItemProxy */ = {
			isa = PBXContainerItemProxy;
			containerPortal = A85092AE27497F6F00392240 /* Project object */;
			proxyType = 1;
			remoteGlobalIDString = A85092B527497F6F00392240;
			remoteInfo = StatsScanner;
		};
/* End PBXContainerItemProxy section */

/* Begin PBXFileReference section */
		03B112DEF00A92BAB84DF61B /* Pods-StatsScannerTests.debug.xcconfig */ = {isa = PBXFileReference; includeInIndex = 1; lastKnownFileType = text.xcconfig; name = "Pods-StatsScannerTests.debug.xcconfig"; path = "Target Support Files/Pods-StatsScannerTests/Pods-StatsScannerTests.debug.xcconfig"; sourceTree = "<group>"; };
		2679B530C4B5896811AF345F /* Pods_StatsScanner.framework */ = {isa = PBXFileReference; explicitFileType = wrapper.framework; includeInIndex = 0; path = Pods_StatsScanner.framework; sourceTree = BUILT_PRODUCTS_DIR; };
		2FA0734D6996A5217388FD8E /* Pods-StatsScanner.release.xcconfig */ = {isa = PBXFileReference; includeInIndex = 1; lastKnownFileType = text.xcconfig; name = "Pods-StatsScanner.release.xcconfig"; path = "Target Support Files/Pods-StatsScanner/Pods-StatsScanner.release.xcconfig"; sourceTree = "<group>"; };
		3F136E0EAFBDDC597822A53A /* Pods_StatsScannerTests.framework */ = {isa = PBXFileReference; explicitFileType = wrapper.framework; includeInIndex = 0; path = Pods_StatsScannerTests.framework; sourceTree = BUILT_PRODUCTS_DIR; };
		4D2F167D279694300096F9DA /* GraphDirectorViewController.swift */ = {isa = PBXFileReference; lastKnownFileType = sourcecode.swift; name = GraphDirectorViewController.swift; path = Pods/GraphDirectorViewController.swift; sourceTree = SOURCE_ROOT; };
		4D2F1685279AACF70096F9DA /* DataSetProject+CoreDataClass.swift */ = {isa = PBXFileReference; lastKnownFileType = sourcecode.swift; name = "DataSetProject+CoreDataClass.swift"; path = "StatsScanner/CoreData/DataSetProject+CoreDataClass.swift"; sourceTree = SOURCE_ROOT; };
		4D2F1686279AACF70096F9DA /* DataSetProject+CoreDataProperties.swift */ = {isa = PBXFileReference; lastKnownFileType = sourcecode.swift; name = "DataSetProject+CoreDataProperties.swift"; path = "StatsScanner/CoreData/DataSetProject+CoreDataProperties.swift"; sourceTree = SOURCE_ROOT; };
		4D2F1689279AAEDE0096F9DA /* CoreDataManager.swift */ = {isa = PBXFileReference; lastKnownFileType = sourcecode.swift; path = CoreDataManager.swift; sourceTree = "<group>"; };
		4D2F168B279B51F50096F9DA /* StatsScanner.entitlements */ = {isa = PBXFileReference; lastKnownFileType = text.plist.entitlements; path = StatsScanner.entitlements; sourceTree = "<group>"; };
		4D2F168C279BE1580096F9DA /* DatasetTester.swift */ = {isa = PBXFileReference; lastKnownFileType = sourcecode.swift; path = DatasetTester.swift; sourceTree = "<group>"; };
		4D2F168E279BE9C60096F9DA /* Awards_R.csv */ = {isa = PBXFileReference; fileEncoding = 4; lastKnownFileType = text; path = Awards_R.csv; sourceTree = "<group>"; usesTabs = 0; };
		4D2F1690279C8F940096F9DA /* NSObjectTransformer.swift */ = {isa = PBXFileReference; lastKnownFileType = sourcecode.swift; path = NSObjectTransformer.swift; sourceTree = "<group>"; };
		4DE04DF82850357300C5D5BC /* DataPointViewController.swift */ = {isa = PBXFileReference; fileEncoding = 4; lastKnownFileType = sourcecode.swift; path = DataPointViewController.swift; sourceTree = "<group>"; };
		4DE04DFA2852DEB500C5D5BC /* DatasetBuilder.swift */ = {isa = PBXFileReference; lastKnownFileType = sourcecode.swift; path = DatasetBuilder.swift; sourceTree = "<group>"; };
		4DE04DFC28551E7900C5D5BC /* CloudKit.framework */ = {isa = PBXFileReference; lastKnownFileType = wrapper.framework; name = CloudKit.framework; path = System/Library/Frameworks/CloudKit.framework; sourceTree = SDKROOT; };
		5D61EFCE8277669F5D8EC58B /* Pods-StatsScanner-StatsScannerUITests.release.xcconfig */ = {isa = PBXFileReference; includeInIndex = 1; lastKnownFileType = text.xcconfig; name = "Pods-StatsScanner-StatsScannerUITests.release.xcconfig"; path = "Target Support Files/Pods-StatsScanner-StatsScannerUITests/Pods-StatsScanner-StatsScannerUITests.release.xcconfig"; sourceTree = "<group>"; };
		75AE24AC1E9C216F0B21CD77 /* Pods-StatsScannerTests.release.xcconfig */ = {isa = PBXFileReference; includeInIndex = 1; lastKnownFileType = text.xcconfig; name = "Pods-StatsScannerTests.release.xcconfig"; path = "Target Support Files/Pods-StatsScannerTests/Pods-StatsScannerTests.release.xcconfig"; sourceTree = "<group>"; };
		A1BCA46C3BD6307DD59B2BA8 /* Pods-StatsScanner-StatsScannerUITests.debug.xcconfig */ = {isa = PBXFileReference; includeInIndex = 1; lastKnownFileType = text.xcconfig; name = "Pods-StatsScanner-StatsScannerUITests.debug.xcconfig"; path = "Target Support Files/Pods-StatsScanner-StatsScannerUITests/Pods-StatsScanner-StatsScannerUITests.debug.xcconfig"; sourceTree = "<group>"; };
		A8088978277EEF8500B8C2FE /* HomeTile.swift */ = {isa = PBXFileReference; lastKnownFileType = sourcecode.swift; path = HomeTile.swift; sourceTree = "<group>"; };
		A808897A277EF0B100B8C2FE /* HomeTileList.swift */ = {isa = PBXFileReference; lastKnownFileType = sourcecode.swift; path = HomeTileList.swift; sourceTree = "<group>"; };
		A808897F277EF1C600B8C2FE /* HomeViewController.swift */ = {isa = PBXFileReference; lastKnownFileType = sourcecode.swift; path = HomeViewController.swift; sourceTree = "<group>"; usesTabs = 1; };
		A83F4907277F9A1300C8FB35 /* StatsViewController.swift */ = {isa = PBXFileReference; lastKnownFileType = sourcecode.swift; path = StatsViewController.swift; sourceTree = "<group>"; };
		A85092B627497F6F00392240 /* StatsScanner.app */ = {isa = PBXFileReference; explicitFileType = wrapper.application; includeInIndex = 0; path = StatsScanner.app; sourceTree = BUILT_PRODUCTS_DIR; };
		A85092B927497F6F00392240 /* AppDelegate.swift */ = {isa = PBXFileReference; lastKnownFileType = sourcecode.swift; path = AppDelegate.swift; sourceTree = "<group>"; };
		A85092BB27497F6F00392240 /* SceneDelegate.swift */ = {isa = PBXFileReference; lastKnownFileType = sourcecode.swift; path = SceneDelegate.swift; sourceTree = "<group>"; };
		A85092BD27497F6F00392240 /* CameraOCRThing.swift */ = {isa = PBXFileReference; lastKnownFileType = sourcecode.swift; path = CameraOCRThing.swift; sourceTree = "<group>"; };
		A85092C027497F6F00392240 /* Base */ = {isa = PBXFileReference; lastKnownFileType = file.storyboard; name = Base; path = Base.lproj/Main.storyboard; sourceTree = "<group>"; };
		A85092C327497F7000392240 /* StatsScanner.xcdatamodel */ = {isa = PBXFileReference; lastKnownFileType = wrapper.xcdatamodel; path = StatsScanner.xcdatamodel; sourceTree = "<group>"; };
		A85092C527497F7A00392240 /* Assets.xcassets */ = {isa = PBXFileReference; lastKnownFileType = folder.assetcatalog; path = Assets.xcassets; sourceTree = "<group>"; };
		A85092C827497F7A00392240 /* Base */ = {isa = PBXFileReference; lastKnownFileType = file.storyboard; name = Base; path = Base.lproj/LaunchScreen.storyboard; sourceTree = "<group>"; };
		A85092CA27497F7A00392240 /* Info.plist */ = {isa = PBXFileReference; lastKnownFileType = text.plist.xml; path = Info.plist; sourceTree = "<group>"; };
		A85092CF27497F7A00392240 /* StatsScannerTests.xctest */ = {isa = PBXFileReference; explicitFileType = wrapper.cfbundle; includeInIndex = 0; path = StatsScannerTests.xctest; sourceTree = BUILT_PRODUCTS_DIR; };
		A85092D327497F7A00392240 /* StatsScannerTests.swift */ = {isa = PBXFileReference; lastKnownFileType = sourcecode.swift; path = StatsScannerTests.swift; sourceTree = "<group>"; };
		A85092DD27497F7B00392240 /* StatsScannerUITests.swift */ = {isa = PBXFileReference; lastKnownFileType = sourcecode.swift; path = StatsScannerUITests.swift; sourceTree = "<group>"; };
		A85092DF27497F7B00392240 /* StatsScannerUITestsLaunchTests.swift */ = {isa = PBXFileReference; lastKnownFileType = sourcecode.swift; path = StatsScannerUITestsLaunchTests.swift; sourceTree = "<group>"; };
		A85092EC2749822B00392240 /* StatsScanner-Bridging-Header.h */ = {isa = PBXFileReference; lastKnownFileType = sourcecode.c.h; path = "StatsScanner-Bridging-Header.h"; sourceTree = "<group>"; };
		A8BD6DEC27794A810048912C /* CoreData.framework */ = {isa = PBXFileReference; lastKnownFileType = wrapper.framework; name = CoreData.framework; path = System/Library/Frameworks/CoreData.framework; sourceTree = SDKROOT; };
		A8BD6DF62779AE030048912C /* DataBridge.swift */ = {isa = PBXFileReference; lastKnownFileType = sourcecode.swift; path = DataBridge.swift; sourceTree = "<group>"; };
		A8CA563127716205006BDF61 /* Dataset.swift */ = {isa = PBXFileReference; lastKnownFileType = sourcecode.swift; path = Dataset.swift; sourceTree = "<group>"; usesTabs = 1; };
		A8CA56362772987F006BDF61 /* Birthweight_reduced_kg_R.csv */ = {isa = PBXFileReference; fileEncoding = 4; lastKnownFileType = text; path = Birthweight_reduced_kg_R.csv; sourceTree = "<group>"; };
		A8CA56382772989D006BDF61 /* Cholesterol_R.csv */ = {isa = PBXFileReference; fileEncoding = 4; lastKnownFileType = text; path = Cholesterol_R.csv; sourceTree = "<group>"; };
		A8CA563A277298AD006BDF61 /* Crime_R.csv */ = {isa = PBXFileReference; fileEncoding = 4; lastKnownFileType = text; path = Crime_R.csv; sourceTree = "<group>"; };
		A8CA563C277298B9006BDF61 /* Diet_R.csv */ = {isa = PBXFileReference; fileEncoding = 4; lastKnownFileType = text; path = Diet_R.csv; sourceTree = "<group>"; };
		A8CA563E277298C7006BDF61 /* Graduate_R.csv */ = {isa = PBXFileReference; fileEncoding = 4; lastKnownFileType = text; path = Graduate_R.csv; sourceTree = "<group>"; };
		A8CA564027729909006BDF61 /* Ice_cream_R.csv */ = {isa = PBXFileReference; fileEncoding = 4; lastKnownFileType = text; path = Ice_cream_R.csv; sourceTree = "<group>"; };
		A8CA56422772990F006BDF61 /* Normal_R.csv */ = {isa = PBXFileReference; fileEncoding = 4; lastKnownFileType = text; path = Normal_R.csv; sourceTree = "<group>"; };
		A8CA564427729918006BDF61 /* Smoker_R.csv */ = {isa = PBXFileReference; fileEncoding = 4; lastKnownFileType = text; path = Smoker_R.csv; sourceTree = "<group>"; };
		A8CA56462772991E006BDF61 /* Titanic_R.csv */ = {isa = PBXFileReference; fileEncoding = 4; lastKnownFileType = text; path = Titanic_R.csv; sourceTree = "<group>"; };
		A8CA564827729924006BDF61 /* Video_R.csv */ = {isa = PBXFileReference; fileEncoding = 4; lastKnownFileType = text; path = Video_R.csv; sourceTree = "<group>"; };
		AAA07B1DC6A235BDC6E39EDE /* Pods_StatsScanner_StatsScannerUITests.framework */ = {isa = PBXFileReference; explicitFileType = wrapper.framework; includeInIndex = 0; path = Pods_StatsScanner_StatsScannerUITests.framework; sourceTree = BUILT_PRODUCTS_DIR; };
		AC074948257DC94D791DC6A0 /* Pods-StatsScanner.debug.xcconfig */ = {isa = PBXFileReference; includeInIndex = 1; lastKnownFileType = text.xcconfig; name = "Pods-StatsScanner.debug.xcconfig"; path = "Target Support Files/Pods-StatsScanner/Pods-StatsScanner.debug.xcconfig"; sourceTree = "<group>"; };
/* End PBXFileReference section */

/* Begin PBXFrameworksBuildPhase section */
		A85092B327497F6F00392240 /* Frameworks */ = {
			isa = PBXFrameworksBuildPhase;
			buildActionMask = 2147483647;
			files = (
				4DE04DFD28551E7900C5D5BC /* CloudKit.framework in Frameworks */,
				A8088981277EF9DE00B8C2FE /* Pods_StatsScanner.framework in Frameworks */,
				A8088984277EFA2C00B8C2FE /* CoreData.framework in Frameworks */,
			);
			runOnlyForDeploymentPostprocessing = 0;
		};
		A85092CC27497F7A00392240 /* Frameworks */ = {
			isa = PBXFrameworksBuildPhase;
			buildActionMask = 2147483647;
			files = (
				495ADB1424FEEDC812112065 /* Pods_StatsScannerTests.framework in Frameworks */,
			);
			runOnlyForDeploymentPostprocessing = 0;
		};
/* End PBXFrameworksBuildPhase section */

/* Begin PBXGroup section */
		0AF001582782BE54001BF87E /* Home View Controllers */ = {
			isa = PBXGroup;
			children = (
				A808897F277EF1C600B8C2FE /* HomeViewController.swift */,
				A8088978277EEF8500B8C2FE /* HomeTile.swift */,
				A808897A277EF0B100B8C2FE /* HomeTileList.swift */,
			);
			path = "Home View Controllers";
			sourceTree = "<group>";
		};
		0AF001592782BE61001BF87E /* Backend Processing */ = {
			isa = PBXGroup;
			children = (
				A8CA563127716205006BDF61 /* Dataset.swift */,
				A8BD6DF62779AE030048912C /* DataBridge.swift */,
				A85092BD27497F6F00392240 /* CameraOCRThing.swift */,
				4DE04DFA2852DEB500C5D5BC /* DatasetBuilder.swift */,
			);
			path = "Backend Processing";
			sourceTree = "<group>";
		};
		0AF0015A2782BEA4001BF87E /* Dataset View Controllers */ = {
			isa = PBXGroup;
			children = (
				4DE04DF82850357300C5D5BC /* DataPointViewController.swift */,
				A83F4907277F9A1300C8FB35 /* StatsViewController.swift */,
				4D2F167D279694300096F9DA /* GraphDirectorViewController.swift */,
			);
			path = "Dataset View Controllers";
			sourceTree = "<group>";
		};
		1F291427D55372448DC04E64 /* Pods */ = {
			isa = PBXGroup;
			children = (
				AC074948257DC94D791DC6A0 /* Pods-StatsScanner.debug.xcconfig */,
				2FA0734D6996A5217388FD8E /* Pods-StatsScanner.release.xcconfig */,
				A1BCA46C3BD6307DD59B2BA8 /* Pods-StatsScanner-StatsScannerUITests.debug.xcconfig */,
				5D61EFCE8277669F5D8EC58B /* Pods-StatsScanner-StatsScannerUITests.release.xcconfig */,
				03B112DEF00A92BAB84DF61B /* Pods-StatsScannerTests.debug.xcconfig */,
				75AE24AC1E9C216F0B21CD77 /* Pods-StatsScannerTests.release.xcconfig */,
			);
			path = Pods;
			sourceTree = "<group>";
		};
		4DE04DF72850344B00C5D5BC /* CoreData */ = {
			isa = PBXGroup;
			children = (
				4D2F1689279AAEDE0096F9DA /* CoreDataManager.swift */,
				4D2F1690279C8F940096F9DA /* NSObjectTransformer.swift */,
				4D2F1686279AACF70096F9DA /* DataSetProject+CoreDataProperties.swift */,
				4D2F1685279AACF70096F9DA /* DataSetProject+CoreDataClass.swift */,
			);
			path = CoreData;
			sourceTree = "<group>";
		};
		A85092AD27497F6F00392240 = {
			isa = PBXGroup;
			children = (
				A85092B827497F6F00392240 /* StatsScanner */,
				A85092D227497F7A00392240 /* StatsScannerTests */,
				A85092DC27497F7A00392240 /* StatsScannerUITests */,
				A85092B727497F6F00392240 /* Products */,
				A8BD6DEB27794A800048912C /* Frameworks */,
				1F291427D55372448DC04E64 /* Pods */,
			);
			sourceTree = "<group>";
		};
		A85092B727497F6F00392240 /* Products */ = {
			isa = PBXGroup;
			children = (
				A85092B627497F6F00392240 /* StatsScanner.app */,
				A85092CF27497F7A00392240 /* StatsScannerTests.xctest */,
			);
			name = Products;
			sourceTree = "<group>";
		};
		A85092B827497F6F00392240 /* StatsScanner */ = {
			isa = PBXGroup;
			children = (
				4D2F168B279B51F50096F9DA /* StatsScanner.entitlements */,
				A85092B927497F6F00392240 /* AppDelegate.swift */,
				A85092BB27497F6F00392240 /* SceneDelegate.swift */,
				0AF001582782BE54001BF87E /* Home View Controllers */,
				4DE04DF72850344B00C5D5BC /* CoreData */,
				0AF001592782BE61001BF87E /* Backend Processing */,
				0AF0015A2782BEA4001BF87E /* Dataset View Controllers */,
				A85092BF27497F6F00392240 /* Main.storyboard */,
				A85092C727497F7A00392240 /* LaunchScreen.storyboard */,
				A85092C527497F7A00392240 /* Assets.xcassets */,
				A85092CA27497F7A00392240 /* Info.plist */,
				A85092C227497F7000392240 /* StatsScanner.xcdatamodeld */,
				A85092EC2749822B00392240 /* StatsScanner-Bridging-Header.h */,
				A8CA5633277295BC006BDF61 /* Resources */,
			);
			path = StatsScanner;
			sourceTree = "<group>";
		};
		A85092D227497F7A00392240 /* StatsScannerTests */ = {
			isa = PBXGroup;
			children = (
				A85092D327497F7A00392240 /* StatsScannerTests.swift */,
				4D2F168C279BE1580096F9DA /* DatasetTester.swift */,
			);
			path = StatsScannerTests;
			sourceTree = "<group>";
		};
		A85092DC27497F7A00392240 /* StatsScannerUITests */ = {
			isa = PBXGroup;
			children = (
				A85092DD27497F7B00392240 /* StatsScannerUITests.swift */,
				A85092DF27497F7B00392240 /* StatsScannerUITestsLaunchTests.swift */,
			);
			path = StatsScannerUITests;
			sourceTree = "<group>";
		};
		A8BD6DEB27794A800048912C /* Frameworks */ = {
			isa = PBXGroup;
			children = (
				4DE04DFC28551E7900C5D5BC /* CloudKit.framework */,
				A8BD6DEC27794A810048912C /* CoreData.framework */,
				2679B530C4B5896811AF345F /* Pods_StatsScanner.framework */,
				AAA07B1DC6A235BDC6E39EDE /* Pods_StatsScanner_StatsScannerUITests.framework */,
				3F136E0EAFBDDC597822A53A /* Pods_StatsScannerTests.framework */,
			);
			name = Frameworks;
			sourceTree = "<group>";
		};
		A8CA5633277295BC006BDF61 /* Resources */ = {
			isa = PBXGroup;
			children = (
				4D2F168E279BE9C60096F9DA /* Awards_R.csv */,
				A8CA564827729924006BDF61 /* Video_R.csv */,
				A8CA56462772991E006BDF61 /* Titanic_R.csv */,
				A8CA564427729918006BDF61 /* Smoker_R.csv */,
				A8CA56422772990F006BDF61 /* Normal_R.csv */,
				A8CA564027729909006BDF61 /* Ice_cream_R.csv */,
				A8CA563E277298C7006BDF61 /* Graduate_R.csv */,
				A8CA563C277298B9006BDF61 /* Diet_R.csv */,
				A8CA563A277298AD006BDF61 /* Crime_R.csv */,
				A8CA56382772989D006BDF61 /* Cholesterol_R.csv */,
				A8CA56362772987F006BDF61 /* Birthweight_reduced_kg_R.csv */,
			);
			path = Resources;
			sourceTree = "<group>";
		};
/* End PBXGroup section */

/* Begin PBXNativeTarget section */
		A85092B527497F6F00392240 /* StatsScanner */ = {
			isa = PBXNativeTarget;
			buildConfigurationList = A85092E327497F7B00392240 /* Build configuration list for PBXNativeTarget "StatsScanner" */;
			buildPhases = (
				3707289ED1456ABE017D1501 /* [CP] Check Pods Manifest.lock */,
				A85092B227497F6F00392240 /* Sources */,
				A85092B327497F6F00392240 /* Frameworks */,
				A85092B427497F6F00392240 /* Resources */,
				7004EBC60BB541826FF77C0F /* [CP] Embed Pods Frameworks */,
			);
			buildRules = (
			);
			dependencies = (
			);
			name = StatsScanner;
			productName = StatsScanner;
			productReference = A85092B627497F6F00392240 /* StatsScanner.app */;
			productType = "com.apple.product-type.application";
		};
		A85092CE27497F7A00392240 /* StatsScannerTests */ = {
			isa = PBXNativeTarget;
			buildConfigurationList = A85092E627497F7B00392240 /* Build configuration list for PBXNativeTarget "StatsScannerTests" */;
			buildPhases = (
				E6012131C8F1E2019D7B875F /* [CP] Check Pods Manifest.lock */,
				A85092CB27497F7A00392240 /* Sources */,
				A85092CC27497F7A00392240 /* Frameworks */,
				A85092CD27497F7A00392240 /* Resources */,
			);
			buildRules = (
			);
			dependencies = (
				A85092D127497F7A00392240 /* PBXTargetDependency */,
			);
			name = StatsScannerTests;
			productName = StatsScannerTests;
			productReference = A85092CF27497F7A00392240 /* StatsScannerTests.xctest */;
			productType = "com.apple.product-type.bundle.unit-test";
		};
/* End PBXNativeTarget section */

/* Begin PBXProject section */
		A85092AE27497F6F00392240 /* Project object */ = {
			isa = PBXProject;
			attributes = {
				BuildIndependentTargetsInParallel = 1;
				LastSwiftUpdateCheck = 1310;
				LastUpgradeCheck = 1310;
				TargetAttributes = {
					A85092B527497F6F00392240 = {
						CreatedOnToolsVersion = 13.1;
						LastSwiftMigration = 1310;
					};
					A85092CE27497F7A00392240 = {
						CreatedOnToolsVersion = 13.1;
						TestTargetID = A85092B527497F6F00392240;
					};
				};
			};
			buildConfigurationList = A85092B127497F6F00392240 /* Build configuration list for PBXProject "StatsScanner" */;
			compatibilityVersion = "Xcode 13.0";
			developmentRegion = en;
			hasScannedForEncodings = 0;
			knownRegions = (
				en,
				Base,
			);
			mainGroup = A85092AD27497F6F00392240;
			productRefGroup = A85092B727497F6F00392240 /* Products */;
			projectDirPath = "";
			projectRoot = "";
			targets = (
				A85092B527497F6F00392240 /* StatsScanner */,
				A85092CE27497F7A00392240 /* StatsScannerTests */,
			);
		};
/* End PBXProject section */

/* Begin PBXResourcesBuildPhase section */
		A85092B427497F6F00392240 /* Resources */ = {
			isa = PBXResourcesBuildPhase;
			buildActionMask = 2147483647;
			files = (
				A8CA564527729918006BDF61 /* Smoker_R.csv in Resources */,
				A8CA564127729909006BDF61 /* Ice_cream_R.csv in Resources */,
				A8CA56432772990F006BDF61 /* Normal_R.csv in Resources */,
				A8CA564927729924006BDF61 /* Video_R.csv in Resources */,
				A85092C927497F7A00392240 /* LaunchScreen.storyboard in Resources */,
				A8CA56472772991E006BDF61 /* Titanic_R.csv in Resources */,
				A8CA56392772989D006BDF61 /* Cholesterol_R.csv in Resources */,
				A8CA563D277298B9006BDF61 /* Diet_R.csv in Resources */,
				A8CA563B277298AD006BDF61 /* Crime_R.csv in Resources */,
				A8CA56372772987F006BDF61 /* Birthweight_reduced_kg_R.csv in Resources */,
				A85092C627497F7A00392240 /* Assets.xcassets in Resources */,
				4D2F168F279BE9C70096F9DA /* Awards_R.csv in Resources */,
				A8CA563F277298C7006BDF61 /* Graduate_R.csv in Resources */,
				A85092C127497F6F00392240 /* Main.storyboard in Resources */,
			);
			runOnlyForDeploymentPostprocessing = 0;
		};
		A85092CD27497F7A00392240 /* Resources */ = {
			isa = PBXResourcesBuildPhase;
			buildActionMask = 2147483647;
			files = (
			);
			runOnlyForDeploymentPostprocessing = 0;
		};
/* End PBXResourcesBuildPhase section */

/* Begin PBXShellScriptBuildPhase section */
		3707289ED1456ABE017D1501 /* [CP] Check Pods Manifest.lock */ = {
			isa = PBXShellScriptBuildPhase;
			buildActionMask = 2147483647;
			files = (
			);
			inputFileListPaths = (
			);
			inputPaths = (
				"${PODS_PODFILE_DIR_PATH}/Podfile.lock",
				"${PODS_ROOT}/Manifest.lock",
			);
			name = "[CP] Check Pods Manifest.lock";
			outputFileListPaths = (
			);
			outputPaths = (
				"$(DERIVED_FILE_DIR)/Pods-StatsScanner-checkManifestLockResult.txt",
			);
			runOnlyForDeploymentPostprocessing = 0;
			shellPath = /bin/sh;
			shellScript = "diff \"${PODS_PODFILE_DIR_PATH}/Podfile.lock\" \"${PODS_ROOT}/Manifest.lock\" > /dev/null\nif [ $? != 0 ] ; then\n    # print error to STDERR\n    echo \"error: The sandbox is not in sync with the Podfile.lock. Run 'pod install' or update your CocoaPods installation.\" >&2\n    exit 1\nfi\n# This output is used by Xcode 'outputs' to avoid re-running this script phase.\necho \"SUCCESS\" > \"${SCRIPT_OUTPUT_FILE_0}\"\n";
			showEnvVarsInLog = 0;
		};
		7004EBC60BB541826FF77C0F /* [CP] Embed Pods Frameworks */ = {
			isa = PBXShellScriptBuildPhase;
			buildActionMask = 2147483647;
			files = (
			);
			inputFileListPaths = (
				"${PODS_ROOT}/Target Support Files/Pods-StatsScanner/Pods-StatsScanner-frameworks-${CONFIGURATION}-input-files.xcfilelist",
			);
			name = "[CP] Embed Pods Frameworks";
			outputFileListPaths = (
				"${PODS_ROOT}/Target Support Files/Pods-StatsScanner/Pods-StatsScanner-frameworks-${CONFIGURATION}-output-files.xcfilelist",
			);
			runOnlyForDeploymentPostprocessing = 0;
			shellPath = /bin/sh;
			shellScript = "\"${PODS_ROOT}/Target Support Files/Pods-StatsScanner/Pods-StatsScanner-frameworks.sh\"\n";
			showEnvVarsInLog = 0;
		};
		E6012131C8F1E2019D7B875F /* [CP] Check Pods Manifest.lock */ = {
			isa = PBXShellScriptBuildPhase;
			buildActionMask = 2147483647;
			files = (
			);
			inputFileListPaths = (
			);
			inputPaths = (
				"${PODS_PODFILE_DIR_PATH}/Podfile.lock",
				"${PODS_ROOT}/Manifest.lock",
			);
			name = "[CP] Check Pods Manifest.lock";
			outputFileListPaths = (
			);
			outputPaths = (
				"$(DERIVED_FILE_DIR)/Pods-StatsScannerTests-checkManifestLockResult.txt",
			);
			runOnlyForDeploymentPostprocessing = 0;
			shellPath = /bin/sh;
			shellScript = "diff \"${PODS_PODFILE_DIR_PATH}/Podfile.lock\" \"${PODS_ROOT}/Manifest.lock\" > /dev/null\nif [ $? != 0 ] ; then\n    # print error to STDERR\n    echo \"error: The sandbox is not in sync with the Podfile.lock. Run 'pod install' or update your CocoaPods installation.\" >&2\n    exit 1\nfi\n# This output is used by Xcode 'outputs' to avoid re-running this script phase.\necho \"SUCCESS\" > \"${SCRIPT_OUTPUT_FILE_0}\"\n";
			showEnvVarsInLog = 0;
		};
/* End PBXShellScriptBuildPhase section */

/* Begin PBXSourcesBuildPhase section */
		A85092B227497F6F00392240 /* Sources */ = {
			isa = PBXSourcesBuildPhase;
			buildActionMask = 2147483647;
			files = (
				A8088979277EEF8500B8C2FE /* HomeTile.swift in Sources */,
				4DE04DF92850357300C5D5BC /* DataPointViewController.swift in Sources */,
				A85092BE27497F6F00392240 /* CameraOCRThing.swift in Sources */,
				A85092BA27497F6F00392240 /* AppDelegate.swift in Sources */,
				4D2F1687279AACF70096F9DA /* DataSetProject+CoreDataClass.swift in Sources */,
				4D2F168A279AAEDE0096F9DA /* CoreDataManager.swift in Sources */,
				A8BD6DF72779AE030048912C /* DataBridge.swift in Sources */,
				A8088980277EF1C600B8C2FE /* HomeViewController.swift in Sources */,
				A8CA563227716205006BDF61 /* Dataset.swift in Sources */,
				4D2F167E279694300096F9DA /* GraphDirectorViewController.swift in Sources */,
				A85092C427497F7000392240 /* StatsScanner.xcdatamodeld in Sources */,
				4D2F1688279AACF70096F9DA /* DataSetProject+CoreDataProperties.swift in Sources */,
				4D2F1691279C8F940096F9DA /* NSObjectTransformer.swift in Sources */,
				A85092BC27497F6F00392240 /* SceneDelegate.swift in Sources */,
				A808897B277EF0B100B8C2FE /* HomeTileList.swift in Sources */,
				A83F4908277F9A1300C8FB35 /* StatsViewController.swift in Sources */,
				4DE04DFB2852DEB600C5D5BC /* DatasetBuilder.swift in Sources */,
			);
			runOnlyForDeploymentPostprocessing = 0;
		};
		A85092CB27497F7A00392240 /* Sources */ = {
			isa = PBXSourcesBuildPhase;
			buildActionMask = 2147483647;
			files = (
				4D2F168D279BE15B0096F9DA /* DatasetTester.swift in Sources */,
				A85092D427497F7A00392240 /* StatsScannerTests.swift in Sources */,
			);
			runOnlyForDeploymentPostprocessing = 0;
		};
/* End PBXSourcesBuildPhase section */

/* Begin PBXTargetDependency section */
		A85092D127497F7A00392240 /* PBXTargetDependency */ = {
			isa = PBXTargetDependency;
			target = A85092B527497F6F00392240 /* StatsScanner */;
			targetProxy = A85092D027497F7A00392240 /* PBXContainerItemProxy */;
		};
/* End PBXTargetDependency section */

/* Begin PBXVariantGroup section */
		A85092BF27497F6F00392240 /* Main.storyboard */ = {
			isa = PBXVariantGroup;
			children = (
				A85092C027497F6F00392240 /* Base */,
			);
			name = Main.storyboard;
			sourceTree = "<group>";
		};
		A85092C727497F7A00392240 /* LaunchScreen.storyboard */ = {
			isa = PBXVariantGroup;
			children = (
				A85092C827497F7A00392240 /* Base */,
			);
			name = LaunchScreen.storyboard;
			sourceTree = "<group>";
		};
/* End PBXVariantGroup section */

/* Begin XCBuildConfiguration section */
		A85092E127497F7B00392240 /* Debug */ = {
			isa = XCBuildConfiguration;
			buildSettings = {
				ALWAYS_SEARCH_USER_PATHS = NO;
				CLANG_ANALYZER_NONNULL = YES;
				CLANG_ANALYZER_NUMBER_OBJECT_CONVERSION = YES_AGGRESSIVE;
				CLANG_CXX_LANGUAGE_STANDARD = "gnu++17";
				CLANG_CXX_LIBRARY = "libc++";
				CLANG_ENABLE_MODULES = YES;
				CLANG_ENABLE_OBJC_ARC = YES;
				CLANG_ENABLE_OBJC_WEAK = YES;
				CLANG_WARN_BLOCK_CAPTURE_AUTORELEASING = YES;
				CLANG_WARN_BOOL_CONVERSION = YES;
				CLANG_WARN_COMMA = YES;
				CLANG_WARN_CONSTANT_CONVERSION = YES;
				CLANG_WARN_DEPRECATED_OBJC_IMPLEMENTATIONS = YES;
				CLANG_WARN_DIRECT_OBJC_ISA_USAGE = YES_ERROR;
				CLANG_WARN_DOCUMENTATION_COMMENTS = YES;
				CLANG_WARN_EMPTY_BODY = YES;
				CLANG_WARN_ENUM_CONVERSION = YES;
				CLANG_WARN_INFINITE_RECURSION = YES;
				CLANG_WARN_INT_CONVERSION = YES;
				CLANG_WARN_NON_LITERAL_NULL_CONVERSION = YES;
				CLANG_WARN_OBJC_IMPLICIT_RETAIN_SELF = YES;
				CLANG_WARN_OBJC_LITERAL_CONVERSION = YES;
				CLANG_WARN_OBJC_ROOT_CLASS = YES_ERROR;
				CLANG_WARN_QUOTED_INCLUDE_IN_FRAMEWORK_HEADER = YES;
				CLANG_WARN_RANGE_LOOP_ANALYSIS = YES;
				CLANG_WARN_STRICT_PROTOTYPES = YES;
				CLANG_WARN_SUSPICIOUS_MOVE = YES;
				CLANG_WARN_UNGUARDED_AVAILABILITY = YES_AGGRESSIVE;
				CLANG_WARN_UNREACHABLE_CODE = YES;
				CLANG_WARN__DUPLICATE_METHOD_MATCH = YES;
				COPY_PHASE_STRIP = NO;
				DEBUG_INFORMATION_FORMAT = dwarf;
				ENABLE_STRICT_OBJC_MSGSEND = YES;
				ENABLE_TESTABILITY = YES;
				GCC_C_LANGUAGE_STANDARD = gnu11;
				GCC_DYNAMIC_NO_PIC = NO;
				GCC_NO_COMMON_BLOCKS = YES;
				GCC_OPTIMIZATION_LEVEL = 0;
				GCC_PREPROCESSOR_DEFINITIONS = (
					"DEBUG=1",
					"$(inherited)",
				);
				GCC_WARN_64_TO_32_BIT_CONVERSION = YES;
				GCC_WARN_ABOUT_RETURN_TYPE = YES_ERROR;
				GCC_WARN_UNDECLARED_SELECTOR = YES;
				GCC_WARN_UNINITIALIZED_AUTOS = YES_AGGRESSIVE;
				GCC_WARN_UNUSED_FUNCTION = YES;
				GCC_WARN_UNUSED_VARIABLE = YES;
				IPHONEOS_DEPLOYMENT_TARGET = 14.0;
				MTL_ENABLE_DEBUG_INFO = INCLUDE_SOURCE;
				MTL_FAST_MATH = YES;
				ONLY_ACTIVE_ARCH = YES;
				SDKROOT = iphoneos;
				SWIFT_ACTIVE_COMPILATION_CONDITIONS = DEBUG;
				SWIFT_OPTIMIZATION_LEVEL = "-Onone";
			};
			name = Debug;
		};
		A85092E227497F7B00392240 /* Release */ = {
			isa = XCBuildConfiguration;
			buildSettings = {
				ALWAYS_SEARCH_USER_PATHS = NO;
				CLANG_ANALYZER_NONNULL = YES;
				CLANG_ANALYZER_NUMBER_OBJECT_CONVERSION = YES_AGGRESSIVE;
				CLANG_CXX_LANGUAGE_STANDARD = "gnu++17";
				CLANG_CXX_LIBRARY = "libc++";
				CLANG_ENABLE_MODULES = YES;
				CLANG_ENABLE_OBJC_ARC = YES;
				CLANG_ENABLE_OBJC_WEAK = YES;
				CLANG_WARN_BLOCK_CAPTURE_AUTORELEASING = YES;
				CLANG_WARN_BOOL_CONVERSION = YES;
				CLANG_WARN_COMMA = YES;
				CLANG_WARN_CONSTANT_CONVERSION = YES;
				CLANG_WARN_DEPRECATED_OBJC_IMPLEMENTATIONS = YES;
				CLANG_WARN_DIRECT_OBJC_ISA_USAGE = YES_ERROR;
				CLANG_WARN_DOCUMENTATION_COMMENTS = YES;
				CLANG_WARN_EMPTY_BODY = YES;
				CLANG_WARN_ENUM_CONVERSION = YES;
				CLANG_WARN_INFINITE_RECURSION = YES;
				CLANG_WARN_INT_CONVERSION = YES;
				CLANG_WARN_NON_LITERAL_NULL_CONVERSION = YES;
				CLANG_WARN_OBJC_IMPLICIT_RETAIN_SELF = YES;
				CLANG_WARN_OBJC_LITERAL_CONVERSION = YES;
				CLANG_WARN_OBJC_ROOT_CLASS = YES_ERROR;
				CLANG_WARN_QUOTED_INCLUDE_IN_FRAMEWORK_HEADER = YES;
				CLANG_WARN_RANGE_LOOP_ANALYSIS = YES;
				CLANG_WARN_STRICT_PROTOTYPES = YES;
				CLANG_WARN_SUSPICIOUS_MOVE = YES;
				CLANG_WARN_UNGUARDED_AVAILABILITY = YES_AGGRESSIVE;
				CLANG_WARN_UNREACHABLE_CODE = YES;
				CLANG_WARN__DUPLICATE_METHOD_MATCH = YES;
				COPY_PHASE_STRIP = NO;
				DEBUG_INFORMATION_FORMAT = "dwarf-with-dsym";
				ENABLE_NS_ASSERTIONS = NO;
				ENABLE_STRICT_OBJC_MSGSEND = YES;
				GCC_C_LANGUAGE_STANDARD = gnu11;
				GCC_NO_COMMON_BLOCKS = YES;
				GCC_WARN_64_TO_32_BIT_CONVERSION = YES;
				GCC_WARN_ABOUT_RETURN_TYPE = YES_ERROR;
				GCC_WARN_UNDECLARED_SELECTOR = YES;
				GCC_WARN_UNINITIALIZED_AUTOS = YES_AGGRESSIVE;
				GCC_WARN_UNUSED_FUNCTION = YES;
				GCC_WARN_UNUSED_VARIABLE = YES;
				"INFOPLIST_FILE[sdk=*]" = "";
				IPHONEOS_DEPLOYMENT_TARGET = 14.0;
				MTL_ENABLE_DEBUG_INFO = NO;
				MTL_FAST_MATH = YES;
				SDKROOT = iphoneos;
				SWIFT_COMPILATION_MODE = wholemodule;
				SWIFT_OPTIMIZATION_LEVEL = "-O";
				VALIDATE_PRODUCT = YES;
			};
			name = Release;
		};
		A85092E427497F7B00392240 /* Debug */ = {
			isa = XCBuildConfiguration;
			baseConfigurationReference = AC074948257DC94D791DC6A0 /* Pods-StatsScanner.debug.xcconfig */;
			buildSettings = {
				ASSETCATALOG_COMPILER_APPICON_NAME = AppIcon;
				ASSETCATALOG_COMPILER_GLOBAL_ACCENT_COLOR_NAME = AccentColor;
				ASSETCATALOG_COMPILER_INCLUDE_ALL_APPICON_ASSETS = YES;
				CLANG_ENABLE_MODULES = YES;
				CODE_SIGN_ENTITLEMENTS = StatsScanner/StatsScanner.entitlements;
				CODE_SIGN_IDENTITY = "Apple Development";
				"CODE_SIGN_IDENTITY[sdk=macosx*]" = "Apple Development";
				CODE_SIGN_STYLE = Automatic;
				CURRENT_PROJECT_VERSION = 16;
				DEVELOPMENT_TEAM = T4FSA2B9WN;
				GENERATE_INFOPLIST_FILE = YES;
				INFOPLIST_FILE = StatsScanner/Info.plist;
				INFOPLIST_KEY_CFBundleDisplayName = StatScanner;
				INFOPLIST_KEY_LSApplicationCategoryType = "public.app-category.productivity";
				INFOPLIST_KEY_LSSupportsOpeningDocumentsInPlace = YES;
				INFOPLIST_KEY_NSCameraUsageDescription = "Please allow access to take a picture for scanning";
				INFOPLIST_KEY_UIApplicationSupportsIndirectInputEvents = YES;
				INFOPLIST_KEY_UILaunchStoryboardName = LaunchScreen;
				INFOPLIST_KEY_UIMainStoryboardFile = Main;
				INFOPLIST_KEY_UIStatusBarHidden = YES;
				INFOPLIST_KEY_UISupportedInterfaceOrientations = UIInterfaceOrientationPortrait;
				INFOPLIST_KEY_UISupportedInterfaceOrientations_iPad = "UIInterfaceOrientationPortrait UIInterfaceOrientationPortraitUpsideDown UIInterfaceOrientationLandscapeLeft UIInterfaceOrientationLandscapeRight";
				INFOPLIST_KEY_UISupportedInterfaceOrientations_iPhone = UIInterfaceOrientationPortrait;
				IPHONEOS_DEPLOYMENT_TARGET = 14.0;
				LD_RUNPATH_SEARCH_PATHS = (
					"$(inherited)",
					"@executable_path/Frameworks",
				);
				MARKETING_VERSION = 0.0.2;
				PRODUCT_BUNDLE_IDENTIFIER = com.cadenpun.StatScannerInternal;
				PRODUCT_NAME = "$(TARGET_NAME)";
				PROVISIONING_PROFILE_SPECIFIER = "";
				"PROVISIONING_PROFILE_SPECIFIER[sdk=macosx*]" = "";
				SUPPORTS_MACCATALYST = YES;
				SWIFT_EMIT_LOC_STRINGS = YES;
				SWIFT_OBJC_BRIDGING_HEADER = "StatsScanner/StatsScanner-Bridging-Header.h";
				SWIFT_OPTIMIZATION_LEVEL = "-Onone";
				SWIFT_VERSION = 5.0;
				TARGETED_DEVICE_FAMILY = "1,2";
			};
			name = Debug;
		};
		A85092E527497F7B00392240 /* Release */ = {
			isa = XCBuildConfiguration;
			baseConfigurationReference = 2FA0734D6996A5217388FD8E /* Pods-StatsScanner.release.xcconfig */;
			buildSettings = {
				ASSETCATALOG_COMPILER_APPICON_NAME = AppIcon;
				ASSETCATALOG_COMPILER_GLOBAL_ACCENT_COLOR_NAME = AccentColor;
				ASSETCATALOG_COMPILER_INCLUDE_ALL_APPICON_ASSETS = YES;
				CLANG_ENABLE_MODULES = YES;
				CODE_SIGN_ENTITLEMENTS = StatsScanner/StatsScanner.entitlements;
				CODE_SIGN_IDENTITY = "Apple Development";
				"CODE_SIGN_IDENTITY[sdk=macosx*]" = "Apple Development";
				CODE_SIGN_STYLE = Automatic;
				CURRENT_PROJECT_VERSION = 16;
				DEVELOPMENT_TEAM = T4FSA2B9WN;
				GENERATE_INFOPLIST_FILE = YES;
				INFOPLIST_FILE = StatsScanner/Info.plist;
				INFOPLIST_KEY_CFBundleDisplayName = StatScanner;
				INFOPLIST_KEY_LSApplicationCategoryType = "public.app-category.productivity";
				INFOPLIST_KEY_LSSupportsOpeningDocumentsInPlace = YES;
				INFOPLIST_KEY_NSCameraUsageDescription = "Please allow access to take a picture for scanning";
				INFOPLIST_KEY_UIApplicationSupportsIndirectInputEvents = YES;
				INFOPLIST_KEY_UILaunchStoryboardName = LaunchScreen;
				INFOPLIST_KEY_UIMainStoryboardFile = Main;
				INFOPLIST_KEY_UIStatusBarHidden = YES;
				INFOPLIST_KEY_UISupportedInterfaceOrientations = UIInterfaceOrientationPortrait;
				INFOPLIST_KEY_UISupportedInterfaceOrientations_iPad = "UIInterfaceOrientationPortrait UIInterfaceOrientationPortraitUpsideDown UIInterfaceOrientationLandscapeLeft UIInterfaceOrientationLandscapeRight";
				INFOPLIST_KEY_UISupportedInterfaceOrientations_iPhone = UIInterfaceOrientationPortrait;
				IPHONEOS_DEPLOYMENT_TARGET = 14.0;
				LD_RUNPATH_SEARCH_PATHS = (
					"$(inherited)",
					"@executable_path/Frameworks",
				);
				MARKETING_VERSION = 0.0.2;
				PRODUCT_BUNDLE_IDENTIFIER = com.cadenpun.StatScanner;
				"PRODUCT_BUNDLE_IDENTIFIER[sdk=macosx*]" = com.kamranhussain.StatScanner;
				PRODUCT_NAME = "$(TARGET_NAME)";
				PROVISIONING_PROFILE_SPECIFIER = "";
				"PROVISIONING_PROFILE_SPECIFIER[sdk=macosx*]" = "";
				SUPPORTS_MACCATALYST = YES;
				SWIFT_EMIT_LOC_STRINGS = YES;
				SWIFT_OBJC_BRIDGING_HEADER = "StatsScanner/StatsScanner-Bridging-Header.h";
				SWIFT_VERSION = 5.0;
				TARGETED_DEVICE_FAMILY = "1,2";
			};
			name = Release;
		};
		A85092E727497F7B00392240 /* Debug */ = {
			isa = XCBuildConfiguration;
			baseConfigurationReference = 03B112DEF00A92BAB84DF61B /* Pods-StatsScannerTests.debug.xcconfig */;
			buildSettings = {
				ALWAYS_EMBED_SWIFT_STANDARD_LIBRARIES = YES;
				BUNDLE_LOADER = "$(TEST_HOST)";
				"CODE_SIGN_IDENTITY[sdk=macosx*]" = "-";
				CODE_SIGN_STYLE = Automatic;
				CURRENT_PROJECT_VERSION = 1;
				DEVELOPMENT_TEAM = T4FSA2B9WN;
				GENERATE_INFOPLIST_FILE = YES;
				IPHONEOS_DEPLOYMENT_TARGET = 14.0;
				LD_RUNPATH_SEARCH_PATHS = (
					"$(inherited)",
					"@executable_path/Frameworks",
					"@loader_path/Frameworks",
				);
				MARKETING_VERSION = 1.0;
				PRODUCT_BUNDLE_IDENTIFIER = Team417ExpectationFailed.StatsScannerTests;
				PRODUCT_NAME = "$(TARGET_NAME)";
				SWIFT_EMIT_LOC_STRINGS = NO;
				SWIFT_VERSION = 5.0;
				TARGETED_DEVICE_FAMILY = "1,2";
				TEST_HOST = "$(BUILT_PRODUCTS_DIR)/StatsScanner.app/StatsScanner";
			};
			name = Debug;
		};
		A85092E827497F7B00392240 /* Release */ = {
			isa = XCBuildConfiguration;
			baseConfigurationReference = 75AE24AC1E9C216F0B21CD77 /* Pods-StatsScannerTests.release.xcconfig */;
			buildSettings = {
				ALWAYS_EMBED_SWIFT_STANDARD_LIBRARIES = YES;
				BUNDLE_LOADER = "$(TEST_HOST)";
				"CODE_SIGN_IDENTITY[sdk=macosx*]" = "-";
				CODE_SIGN_STYLE = Automatic;
				CURRENT_PROJECT_VERSION = 1;
				DEVELOPMENT_TEAM = T4FSA2B9WN;
				GENERATE_INFOPLIST_FILE = YES;
				IPHONEOS_DEPLOYMENT_TARGET = 14.0;
				LD_RUNPATH_SEARCH_PATHS = (
					"$(inherited)",
					"@executable_path/Frameworks",
					"@loader_path/Frameworks",
				);
				MARKETING_VERSION = 1.0;
				PRODUCT_BUNDLE_IDENTIFIER = Team417ExpectationFailed.StatsScannerTests;
				PRODUCT_NAME = "$(TARGET_NAME)";
				SWIFT_EMIT_LOC_STRINGS = NO;
				SWIFT_VERSION = 5.0;
				TARGETED_DEVICE_FAMILY = "1,2";
				TEST_HOST = "$(BUILT_PRODUCTS_DIR)/StatsScanner.app/StatsScanner";
			};
			name = Release;
		};
/* End XCBuildConfiguration section */

/* Begin XCConfigurationList section */
		A85092B127497F6F00392240 /* Build configuration list for PBXProject "StatsScanner" */ = {
			isa = XCConfigurationList;
			buildConfigurations = (
				A85092E127497F7B00392240 /* Debug */,
				A85092E227497F7B00392240 /* Release */,
			);
			defaultConfigurationIsVisible = 0;
			defaultConfigurationName = Release;
		};
		A85092E327497F7B00392240 /* Build configuration list for PBXNativeTarget "StatsScanner" */ = {
			isa = XCConfigurationList;
			buildConfigurations = (
				A85092E427497F7B00392240 /* Debug */,
				A85092E527497F7B00392240 /* Release */,
			);
			defaultConfigurationIsVisible = 0;
			defaultConfigurationName = Release;
		};
		A85092E627497F7B00392240 /* Build configuration list for PBXNativeTarget "StatsScannerTests" */ = {
			isa = XCConfigurationList;
			buildConfigurations = (
				A85092E727497F7B00392240 /* Debug */,
				A85092E827497F7B00392240 /* Release */,
			);
			defaultConfigurationIsVisible = 0;
			defaultConfigurationName = Release;
		};
/* End XCConfigurationList section */

/* Begin XCVersionGroup section */
		A85092C227497F7000392240 /* StatsScanner.xcdatamodeld */ = {
			isa = XCVersionGroup;
			children = (
				A85092C327497F7000392240 /* StatsScanner.xcdatamodel */,
			);
			currentVersion = A85092C327497F7000392240 /* StatsScanner.xcdatamodel */;
			path = StatsScanner.xcdatamodeld;
			sourceTree = "<group>";
			versionGroupType = wrapper.xcdatamodel;
		};
/* End XCVersionGroup section */
	};
	rootObject = A85092AE27497F6F00392240 /* Project object */;
}
